{
  "name": "testPlaywright",
  "version": "1.0.0",
  "lockfileVersion": 1,
  "requires": true,
  "dependencies": {
    "@playwright/test": {
      "version": "1.24.0",
      "resolved": "https://registry.npmjs.org/@playwright/test/-/test-1.24.0.tgz",
      "integrity": "sha512-sZLH2N6aWN9TtG+vMjNSomSfX0dSVHwWE+GhHQPV+ZeGcuZ/6CgMCGFuGjobgq/hNF9ZkuVOjeyoceZ0owKnHQ==",
      "dev": true,
      "requires": {
        "@types/node": "*",
        "playwright-core": "1.24.0"
      },
      "dependencies": {
        "playwright-core": {
          "version": "1.24.0",
          "resolved": "https://registry.npmjs.org/playwright-core/-/playwright-core-1.24.0.tgz",
          "integrity": "sha512-BkDWdVsoEEC8m2glQlfNu1EN2qvjBsLIg5bD0wjrfwv9zVHktIsp80yYFObAcWreLNYhfRP4PlXE04lr5R4DFQ==",
          "dev": true
        }
      }
    },
    "@types/node": {
      "version": "18.6.1",
      "resolved": "https://registry.npmjs.org/@types/node/-/node-18.6.1.tgz",
      "integrity": "sha512-z+2vB6yDt1fNwKOeGbckpmirO+VBDuQqecXkgeIqDlaOtmKn6hPR/viQ8cxCfqLU4fTlvM3+YjM367TukWdxpg==",
      "dev": true
    },
    "date-and-time": {
      "version": "2.4.1",
      "resolved": "https://registry.npmjs.org/date-and-time/-/date-and-time-2.4.1.tgz",
      "integrity": "sha512-fG+ClATev+wHryqxOoGcTTegr5RhYE+tz/XHUkTQ/zvpWqQ90oOxjOhuMQ02bw87Oy9N3qBENCHHHSKdWJjgTg=="
    }
  }
}
